// !$*UTF8*$!
{
	archiveVersion = 1;
	classes = {
	};
	objectVersion = 56;
	objects = {

/* Begin PBXBuildFile section */
		1638E2662B0A347C00E459A0 /* PharmacinApp.swift in Sources */ = {isa = PBXBuildFile; fileRef = 1638E2652B0A347C00E459A0 /* PharmacinApp.swift */; };
		1638E2682B0A347C00E459A0 /* ContentView.swift in Sources */ = {isa = PBXBuildFile; fileRef = 1638E2672B0A347C00E459A0 /* ContentView.swift */; };
		1638E26A2B0A347D00E459A0 /* Assets.xcassets in Resources */ = {isa = PBXBuildFile; fileRef = 1638E2692B0A347D00E459A0 /* Assets.xcassets */; };
		1638E26D2B0A347D00E459A0 /* Preview Assets.xcassets in Resources */ = {isa = PBXBuildFile; fileRef = 1638E26C2B0A347D00E459A0 /* Preview Assets.xcassets */; };
		16F069B42B11D969005569A6 /* DashboardCart.swift in Sources */ = {isa = PBXBuildFile; fileRef = 16F069B32B11D969005569A6 /* DashboardCart.swift */; };
		16F069B72B11DE31005569A6 /* DashboardView.swift in Sources */ = {isa = PBXBuildFile; fileRef = 16F069B62B11DE31005569A6 /* DashboardView.swift */; };
		16F069B92B11F12D005569A6 /* PenjualanTerakhirCart.swift in Sources */ = {isa = PBXBuildFile; fileRef = 16F069B82B11F12D005569A6 /* PenjualanTerakhirCart.swift */; };
		16F069BB2B11FF72005569A6 /* InvoiceList.swift in Sources */ = {isa = PBXBuildFile; fileRef = 16F069BA2B11FF72005569A6 /* InvoiceList.swift */; };
		16F069BD2B1201BE005569A6 /* RiwayatKasirCart.swift in Sources */ = {isa = PBXBuildFile; fileRef = 16F069BC2B1201BE005569A6 /* RiwayatKasirCart.swift */; };
		16F069BF2B12024F005569A6 /* RiwayatKasirList.swift in Sources */ = {isa = PBXBuildFile; fileRef = 16F069BE2B12024F005569A6 /* RiwayatKasirList.swift */; };
		16F069C12B1205BE005569A6 /* PembelianTerakhirCart.swift in Sources */ = {isa = PBXBuildFile; fileRef = 16F069C02B1205BE005569A6 /* PembelianTerakhirCart.swift */; };
		16F069C32B120636005569A6 /* InvoiceListPembelian.swift in Sources */ = {isa = PBXBuildFile; fileRef = 16F069C22B120636005569A6 /* InvoiceListPembelian.swift */; };
		16F069C62B148FF3005569A6 /* StokView.swift in Sources */ = {isa = PBXBuildFile; fileRef = 16F069C52B148FF3005569A6 /* StokView.swift */; };
		16F069CB2B165F78005569A6 /* PlusJakartaSans-Bold.ttf in Resources */ = {isa = PBXBuildFile; fileRef = 16F069CA2B165F78005569A6 /* PlusJakartaSans-Bold.ttf */; };
		16F069CD2B165F89005569A6 /* PlusJakartaSans-SemiBold.ttf in Resources */ = {isa = PBXBuildFile; fileRef = 16F069CC2B165F89005569A6 /* PlusJakartaSans-SemiBold.ttf */; };
		16F069CF2B166024005569A6 /* PlusJakartaSans-Regular.ttf in Resources */ = {isa = PBXBuildFile; fileRef = 16F069CE2B166024005569A6 /* PlusJakartaSans-Regular.ttf */; };
		16F069D12B166425005569A6 /* PlusJakartaSans-Medium.ttf in Resources */ = {isa = PBXBuildFile; fileRef = 16F069D02B166425005569A6 /* PlusJakartaSans-Medium.ttf */; };
		16F069D42B1670A6005569A6 /* StokListItem.swift in Sources */ = {isa = PBXBuildFile; fileRef = 16F069D32B1670A6005569A6 /* StokListItem.swift */; };
		16F069D62B175DFE005569A6 /* StokListTableItem.swift in Sources */ = {isa = PBXBuildFile; fileRef = 16F069D52B175DFE005569A6 /* StokListTableItem.swift */; };
		16F069D82B184634005569A6 /* StokListBatch.swift in Sources */ = {isa = PBXBuildFile; fileRef = 16F069D72B184634005569A6 /* StokListBatch.swift */; };
		16F069DA2B18472D005569A6 /* StokListTableBatch.swift in Sources */ = {isa = PBXBuildFile; fileRef = 16F069D92B18472D005569A6 /* StokListTableBatch.swift */; };
		16F069DC2B1887F2005569A6 /* PenjualanView.swift in Sources */ = {isa = PBXBuildFile; fileRef = 16F069DB2B1887F2005569A6 /* PenjualanView.swift */; };
		16F06A102B1B2A5C005569A6 /* PopupPembayaranBerhasil.swift in Sources */ = {isa = PBXBuildFile; fileRef = 16F06A0F2B1B2A5C005569A6 /* PopupPembayaranBerhasil.swift */; };
		16F06A122B1B351B005569A6 /* PopUpSeleseaiPembayaran.swift in Sources */ = {isa = PBXBuildFile; fileRef = 16F06A112B1B351B005569A6 /* PopUpSeleseaiPembayaran.swift */; };
		16F06A142B1B38C6005569A6 /* StokOpnameView.swift in Sources */ = {isa = PBXBuildFile; fileRef = 16F06A132B1B38C6005569A6 /* StokOpnameView.swift */; };
		16F06A162B1B3A03005569A6 /* StokOpnameList.swift in Sources */ = {isa = PBXBuildFile; fileRef = 16F06A152B1B3A03005569A6 /* StokOpnameList.swift */; };
		16F06A182B1B3B09005569A6 /* StokOpnameListTable.swift in Sources */ = {isa = PBXBuildFile; fileRef = 16F06A172B1B3B09005569A6 /* StokOpnameListTable.swift */; };
		16F06A1A2B1B55FD005569A6 /* StokOpnameDetailView.swift in Sources */ = {isa = PBXBuildFile; fileRef = 16F06A192B1B55FD005569A6 /* StokOpnameDetailView.swift */; };
		16F06A1C2B1B598D005569A6 /* StokOpnameDetailList.swift in Sources */ = {isa = PBXBuildFile; fileRef = 16F06A1B2B1B598D005569A6 /* StokOpnameDetailList.swift */; };
		16F06A1E2B1B59A8005569A6 /* StokOpnameDetailListTable.swift in Sources */ = {isa = PBXBuildFile; fileRef = 16F06A1D2B1B59A8005569A6 /* StokOpnameDetailListTable.swift */; };
		16F06A3A2B1E2C9E005569A6 /* StokRiwayatOpnameView.swift in Sources */ = {isa = PBXBuildFile; fileRef = 16F06A392B1E2C9E005569A6 /* StokRiwayatOpnameView.swift */; };
		16F06A3C2B1E345E005569A6 /* StokRiwayatOpnameList.swift in Sources */ = {isa = PBXBuildFile; fileRef = 16F06A3B2B1E345E005569A6 /* StokRiwayatOpnameList.swift */; };
		16F06A3E2B1E3623005569A6 /* StokRiwayatOpnameListTable.swift in Sources */ = {isa = PBXBuildFile; fileRef = 16F06A3D2B1E3623005569A6 /* StokRiwayatOpnameListTable.swift */; };
		16F06A402B1E4989005569A6 /* KelolaPenjualanView.swift in Sources */ = {isa = PBXBuildFile; fileRef = 16F06A3F2B1E4989005569A6 /* KelolaPenjualanView.swift */; };
		16F06A422B1E4B56005569A6 /* KelolaPenjualanList.swift in Sources */ = {isa = PBXBuildFile; fileRef = 16F06A412B1E4B56005569A6 /* KelolaPenjualanList.swift */; };
		16F06A442B1E4BBE005569A6 /* KelolaPenjualanListTable.swift in Sources */ = {isa = PBXBuildFile; fileRef = 16F06A432B1E4BBE005569A6 /* KelolaPenjualanListTable.swift */; };
		16F06A462B1E4CF6005569A6 /* ObatKategoriView.swift in Sources */ = {isa = PBXBuildFile; fileRef = 16F06A452B1E4CF6005569A6 /* ObatKategoriView.swift */; };
		16F06A492B1E4E0B005569A6 /* ObatKategoriList.swift in Sources */ = {isa = PBXBuildFile; fileRef = 16F06A482B1E4E0B005569A6 /* ObatKategoriList.swift */; };
		16F06A4B2B1E4E1A005569A6 /* ObatKategoriListTable.swift in Sources */ = {isa = PBXBuildFile; fileRef = 16F06A4A2B1E4E1A005569A6 /* ObatKategoriListTable.swift */; };
		16F06A4D2B1E4FBC005569A6 /* ObatKelolaItem.swift in Sources */ = {isa = PBXBuildFile; fileRef = 16F06A4C2B1E4FBC005569A6 /* ObatKelolaItem.swift */; };
		16F06A4F2B1E5050005569A6 /* ObatKelolaItemList.swift in Sources */ = {isa = PBXBuildFile; fileRef = 16F06A4E2B1E5050005569A6 /* ObatKelolaItemList.swift */; };
		16F06A512B1E523B005569A6 /* ObatKelolaItemListTable.swift in Sources */ = {isa = PBXBuildFile; fileRef = 16F06A502B1E523B005569A6 /* ObatKelolaItemListTable.swift */; };
		16F06A532B1E539A005569A6 /* TambahObatPopUp.swift in Sources */ = {isa = PBXBuildFile; fileRef = 16F06A522B1E539A005569A6 /* TambahObatPopUp.swift */; };
		16F06A552B1EE061005569A6 /* ObatDetailView.swift in Sources */ = {isa = PBXBuildFile; fileRef = 16F06A542B1EE061005569A6 /* ObatDetailView.swift */; };
		16F06A572B1EE3A8005569A6 /* PembelianObatList.swift in Sources */ = {isa = PBXBuildFile; fileRef = 16F06A562B1EE3A8005569A6 /* PembelianObatList.swift */; };
		16F06A592B1EE451005569A6 /* PembelianObatListTable.swift in Sources */ = {isa = PBXBuildFile; fileRef = 16F06A582B1EE451005569A6 /* PembelianObatListTable.swift */; };
		16F06A5B2B1EE53D005569A6 /* PenjualanObatList.swift in Sources */ = {isa = PBXBuildFile; fileRef = 16F06A5A2B1EE53D005569A6 /* PenjualanObatList.swift */; };
		16F06A5D2B1EE54B005569A6 /* PenjualanObatListTable.swift in Sources */ = {isa = PBXBuildFile; fileRef = 16F06A5C2B1EE54B005569A6 /* PenjualanObatListTable.swift */; };
		16F06A5F2B20A742005569A6 /* InformasiObatPopUp.swift in Sources */ = {isa = PBXBuildFile; fileRef = 16F06A5E2B20A742005569A6 /* InformasiObatPopUp.swift */; };
		16F06A612B21EB5F005569A6 /* PabrikanKelolaPabrikView.swift in Sources */ = {isa = PBXBuildFile; fileRef = 16F06A602B21EB5F005569A6 /* PabrikanKelolaPabrikView.swift */; };
		16F06A642B21EC56005569A6 /* KelolaPabrikList.swift in Sources */ = {isa = PBXBuildFile; fileRef = 16F06A632B21EC56005569A6 /* KelolaPabrikList.swift */; };
		16F06A662B21ECA2005569A6 /* KelolaPabrikListTable.swift in Sources */ = {isa = PBXBuildFile; fileRef = 16F06A652B21ECA2005569A6 /* KelolaPabrikListTable.swift */; };
		16F06A682B21EF5F005569A6 /* TambahPabrikPopUp.swift in Sources */ = {isa = PBXBuildFile; fileRef = 16F06A672B21EF5F005569A6 /* TambahPabrikPopUp.swift */; };
		16F06A6A2B21F0B5005569A6 /* PabrikanDetailView.swift in Sources */ = {isa = PBXBuildFile; fileRef = 16F06A692B21F0B5005569A6 /* PabrikanDetailView.swift */; };
		16F06A6C2B21F1C4005569A6 /* JenisObatList.swift in Sources */ = {isa = PBXBuildFile; fileRef = 16F06A6B2B21F1C4005569A6 /* JenisObatList.swift */; };
		16F06A6E2B21F2B4005569A6 /* JenisObatListTable.swift in Sources */ = {isa = PBXBuildFile; fileRef = 16F06A6D2B21F2B4005569A6 /* JenisObatListTable.swift */; };
		16F06A702B21F3AC005569A6 /* PembelianObatPabrikanList.swift in Sources */ = {isa = PBXBuildFile; fileRef = 16F06A6F2B21F3AC005569A6 /* PembelianObatPabrikanList.swift */; };
		16F06A722B21F4C8005569A6 /* PembelianObatPabrikanListTable.swift in Sources */ = {isa = PBXBuildFile; fileRef = 16F06A712B21F4C8005569A6 /* PembelianObatPabrikanListTable.swift */; };
		16F06A742B21F5C4005569A6 /* InformasiPabrikPopUp.swift in Sources */ = {isa = PBXBuildFile; fileRef = 16F06A732B21F5C4005569A6 /* InformasiPabrikPopUp.swift */; };
/* End PBXBuildFile section */

/* Begin PBXFileReference section */
		1638E2622B0A347C00E459A0 /* Pharmacin.app */ = {isa = PBXFileReference; explicitFileType = wrapper.application; includeInIndex = 0; path = Pharmacin.app; sourceTree = BUILT_PRODUCTS_DIR; };
		1638E2652B0A347C00E459A0 /* PharmacinApp.swift */ = {isa = PBXFileReference; lastKnownFileType = sourcecode.swift; path = PharmacinApp.swift; sourceTree = "<group>"; };
		1638E2672B0A347C00E459A0 /* ContentView.swift */ = {isa = PBXFileReference; lastKnownFileType = sourcecode.swift; path = ContentView.swift; sourceTree = "<group>"; };
		1638E2692B0A347D00E459A0 /* Assets.xcassets */ = {isa = PBXFileReference; lastKnownFileType = folder.assetcatalog; path = Assets.xcassets; sourceTree = "<group>"; };
		1638E26C2B0A347D00E459A0 /* Preview Assets.xcassets */ = {isa = PBXFileReference; lastKnownFileType = folder.assetcatalog; path = "Preview Assets.xcassets"; sourceTree = "<group>"; };
		16F069B32B11D969005569A6 /* DashboardCart.swift */ = {isa = PBXFileReference; lastKnownFileType = sourcecode.swift; path = DashboardCart.swift; sourceTree = "<group>"; };
		16F069B62B11DE31005569A6 /* DashboardView.swift */ = {isa = PBXFileReference; lastKnownFileType = sourcecode.swift; path = DashboardView.swift; sourceTree = "<group>"; };
		16F069B82B11F12D005569A6 /* PenjualanTerakhirCart.swift */ = {isa = PBXFileReference; lastKnownFileType = sourcecode.swift; path = PenjualanTerakhirCart.swift; sourceTree = "<group>"; };
		16F069BA2B11FF72005569A6 /* InvoiceList.swift */ = {isa = PBXFileReference; lastKnownFileType = sourcecode.swift; path = InvoiceList.swift; sourceTree = "<group>"; };
		16F069BC2B1201BE005569A6 /* RiwayatKasirCart.swift */ = {isa = PBXFileReference; lastKnownFileType = sourcecode.swift; path = RiwayatKasirCart.swift; sourceTree = "<group>"; };
		16F069BE2B12024F005569A6 /* RiwayatKasirList.swift */ = {isa = PBXFileReference; lastKnownFileType = sourcecode.swift; path = RiwayatKasirList.swift; sourceTree = "<group>"; };
		16F069C02B1205BE005569A6 /* PembelianTerakhirCart.swift */ = {isa = PBXFileReference; lastKnownFileType = sourcecode.swift; path = PembelianTerakhirCart.swift; sourceTree = "<group>"; };
		16F069C22B120636005569A6 /* InvoiceListPembelian.swift */ = {isa = PBXFileReference; lastKnownFileType = sourcecode.swift; path = InvoiceListPembelian.swift; sourceTree = "<group>"; };
		16F069C52B148FF3005569A6 /* StokView.swift */ = {isa = PBXFileReference; lastKnownFileType = sourcecode.swift; path = StokView.swift; sourceTree = "<group>"; };
		16F069C92B165C5B005569A6 /* Info.plist */ = {isa = PBXFileReference; lastKnownFileType = text.plist; path = Info.plist; sourceTree = "<group>"; };
		16F069CA2B165F78005569A6 /* PlusJakartaSans-Bold.ttf */ = {isa = PBXFileReference; lastKnownFileType = file; path = "PlusJakartaSans-Bold.ttf"; sourceTree = "<group>"; };
		16F069CC2B165F89005569A6 /* PlusJakartaSans-SemiBold.ttf */ = {isa = PBXFileReference; lastKnownFileType = file; path = "PlusJakartaSans-SemiBold.ttf"; sourceTree = "<group>"; };
		16F069CE2B166024005569A6 /* PlusJakartaSans-Regular.ttf */ = {isa = PBXFileReference; lastKnownFileType = file; path = "PlusJakartaSans-Regular.ttf"; sourceTree = "<group>"; };
		16F069D02B166425005569A6 /* PlusJakartaSans-Medium.ttf */ = {isa = PBXFileReference; lastKnownFileType = file; path = "PlusJakartaSans-Medium.ttf"; sourceTree = "<group>"; };
		16F069D32B1670A6005569A6 /* StokListItem.swift */ = {isa = PBXFileReference; lastKnownFileType = sourcecode.swift; path = StokListItem.swift; sourceTree = "<group>"; };
		16F069D52B175DFE005569A6 /* StokListTableItem.swift */ = {isa = PBXFileReference; lastKnownFileType = sourcecode.swift; path = StokListTableItem.swift; sourceTree = "<group>"; };
		16F069D72B184634005569A6 /* StokListBatch.swift */ = {isa = PBXFileReference; lastKnownFileType = sourcecode.swift; path = StokListBatch.swift; sourceTree = "<group>"; };
		16F069D92B18472D005569A6 /* StokListTableBatch.swift */ = {isa = PBXFileReference; lastKnownFileType = sourcecode.swift; path = StokListTableBatch.swift; sourceTree = "<group>"; };
		16F069DB2B1887F2005569A6 /* PenjualanView.swift */ = {isa = PBXFileReference; lastKnownFileType = sourcecode.swift; path = PenjualanView.swift; sourceTree = "<group>"; };
		16F06A0F2B1B2A5C005569A6 /* PopupPembayaranBerhasil.swift */ = {isa = PBXFileReference; lastKnownFileType = sourcecode.swift; path = PopupPembayaranBerhasil.swift; sourceTree = "<group>"; };
		16F06A112B1B351B005569A6 /* PopUpSeleseaiPembayaran.swift */ = {isa = PBXFileReference; lastKnownFileType = sourcecode.swift; path = PopUpSeleseaiPembayaran.swift; sourceTree = "<group>"; };
		16F06A132B1B38C6005569A6 /* StokOpnameView.swift */ = {isa = PBXFileReference; lastKnownFileType = sourcecode.swift; path = StokOpnameView.swift; sourceTree = "<group>"; };
		16F06A152B1B3A03005569A6 /* StokOpnameList.swift */ = {isa = PBXFileReference; lastKnownFileType = sourcecode.swift; path = StokOpnameList.swift; sourceTree = "<group>"; };
		16F06A172B1B3B09005569A6 /* StokOpnameListTable.swift */ = {isa = PBXFileReference; lastKnownFileType = sourcecode.swift; path = StokOpnameListTable.swift; sourceTree = "<group>"; };
		16F06A192B1B55FD005569A6 /* StokOpnameDetailView.swift */ = {isa = PBXFileReference; lastKnownFileType = sourcecode.swift; path = StokOpnameDetailView.swift; sourceTree = "<group>"; };
		16F06A1B2B1B598D005569A6 /* StokOpnameDetailList.swift */ = {isa = PBXFileReference; lastKnownFileType = sourcecode.swift; path = StokOpnameDetailList.swift; sourceTree = "<group>"; };
		16F06A1D2B1B59A8005569A6 /* StokOpnameDetailListTable.swift */ = {isa = PBXFileReference; lastKnownFileType = sourcecode.swift; path = StokOpnameDetailListTable.swift; sourceTree = "<group>"; };
		16F06A392B1E2C9E005569A6 /* StokRiwayatOpnameView.swift */ = {isa = PBXFileReference; lastKnownFileType = sourcecode.swift; path = StokRiwayatOpnameView.swift; sourceTree = "<group>"; };
		16F06A3B2B1E345E005569A6 /* StokRiwayatOpnameList.swift */ = {isa = PBXFileReference; lastKnownFileType = sourcecode.swift; path = StokRiwayatOpnameList.swift; sourceTree = "<group>"; };
		16F06A3D2B1E3623005569A6 /* StokRiwayatOpnameListTable.swift */ = {isa = PBXFileReference; lastKnownFileType = sourcecode.swift; path = StokRiwayatOpnameListTable.swift; sourceTree = "<group>"; };
		16F06A3F2B1E4989005569A6 /* KelolaPenjualanView.swift */ = {isa = PBXFileReference; lastKnownFileType = sourcecode.swift; path = KelolaPenjualanView.swift; sourceTree = "<group>"; };
		16F06A412B1E4B56005569A6 /* KelolaPenjualanList.swift */ = {isa = PBXFileReference; lastKnownFileType = sourcecode.swift; path = KelolaPenjualanList.swift; sourceTree = "<group>"; };
		16F06A432B1E4BBE005569A6 /* KelolaPenjualanListTable.swift */ = {isa = PBXFileReference; lastKnownFileType = sourcecode.swift; path = KelolaPenjualanListTable.swift; sourceTree = "<group>"; };
		16F06A452B1E4CF6005569A6 /* ObatKategoriView.swift */ = {isa = PBXFileReference; lastKnownFileType = sourcecode.swift; path = ObatKategoriView.swift; sourceTree = "<group>"; };
		16F06A482B1E4E0B005569A6 /* ObatKategoriList.swift */ = {isa = PBXFileReference; lastKnownFileType = sourcecode.swift; path = ObatKategoriList.swift; sourceTree = "<group>"; };
		16F06A4A2B1E4E1A005569A6 /* ObatKategoriListTable.swift */ = {isa = PBXFileReference; lastKnownFileType = sourcecode.swift; path = ObatKategoriListTable.swift; sourceTree = "<group>"; };
		16F06A4C2B1E4FBC005569A6 /* ObatKelolaItem.swift */ = {isa = PBXFileReference; lastKnownFileType = sourcecode.swift; path = ObatKelolaItem.swift; sourceTree = "<group>"; };
		16F06A4E2B1E5050005569A6 /* ObatKelolaItemList.swift */ = {isa = PBXFileReference; lastKnownFileType = sourcecode.swift; path = ObatKelolaItemList.swift; sourceTree = "<group>"; };
		16F06A502B1E523B005569A6 /* ObatKelolaItemListTable.swift */ = {isa = PBXFileReference; lastKnownFileType = sourcecode.swift; path = ObatKelolaItemListTable.swift; sourceTree = "<group>"; };
		16F06A522B1E539A005569A6 /* TambahObatPopUp.swift */ = {isa = PBXFileReference; lastKnownFileType = sourcecode.swift; path = TambahObatPopUp.swift; sourceTree = "<group>"; };
		16F06A542B1EE061005569A6 /* ObatDetailView.swift */ = {isa = PBXFileReference; lastKnownFileType = sourcecode.swift; path = ObatDetailView.swift; sourceTree = "<group>"; };
		16F06A562B1EE3A8005569A6 /* PembelianObatList.swift */ = {isa = PBXFileReference; lastKnownFileType = sourcecode.swift; path = PembelianObatList.swift; sourceTree = "<group>"; };
		16F06A582B1EE451005569A6 /* PembelianObatListTable.swift */ = {isa = PBXFileReference; lastKnownFileType = sourcecode.swift; path = PembelianObatListTable.swift; sourceTree = "<group>"; };
		16F06A5A2B1EE53D005569A6 /* PenjualanObatList.swift */ = {isa = PBXFileReference; lastKnownFileType = sourcecode.swift; path = PenjualanObatList.swift; sourceTree = "<group>"; };
		16F06A5C2B1EE54B005569A6 /* PenjualanObatListTable.swift */ = {isa = PBXFileReference; lastKnownFileType = sourcecode.swift; path = PenjualanObatListTable.swift; sourceTree = "<group>"; };
		16F06A5E2B20A742005569A6 /* InformasiObatPopUp.swift */ = {isa = PBXFileReference; lastKnownFileType = sourcecode.swift; path = InformasiObatPopUp.swift; sourceTree = "<group>"; };
		16F06A602B21EB5F005569A6 /* PabrikanKelolaPabrikView.swift */ = {isa = PBXFileReference; lastKnownFileType = sourcecode.swift; path = PabrikanKelolaPabrikView.swift; sourceTree = "<group>"; };
		16F06A632B21EC56005569A6 /* KelolaPabrikList.swift */ = {isa = PBXFileReference; lastKnownFileType = sourcecode.swift; path = KelolaPabrikList.swift; sourceTree = "<group>"; };
		16F06A652B21ECA2005569A6 /* KelolaPabrikListTable.swift */ = {isa = PBXFileReference; lastKnownFileType = sourcecode.swift; path = KelolaPabrikListTable.swift; sourceTree = "<group>"; };
		16F06A672B21EF5F005569A6 /* TambahPabrikPopUp.swift */ = {isa = PBXFileReference; lastKnownFileType = sourcecode.swift; path = TambahPabrikPopUp.swift; sourceTree = "<group>"; };
		16F06A692B21F0B5005569A6 /* PabrikanDetailView.swift */ = {isa = PBXFileReference; lastKnownFileType = sourcecode.swift; path = PabrikanDetailView.swift; sourceTree = "<group>"; };
		16F06A6B2B21F1C4005569A6 /* JenisObatList.swift */ = {isa = PBXFileReference; lastKnownFileType = sourcecode.swift; path = JenisObatList.swift; sourceTree = "<group>"; };
		16F06A6D2B21F2B4005569A6 /* JenisObatListTable.swift */ = {isa = PBXFileReference; lastKnownFileType = sourcecode.swift; path = JenisObatListTable.swift; sourceTree = "<group>"; };
		16F06A6F2B21F3AC005569A6 /* PembelianObatPabrikanList.swift */ = {isa = PBXFileReference; lastKnownFileType = sourcecode.swift; path = PembelianObatPabrikanList.swift; sourceTree = "<group>"; };
		16F06A712B21F4C8005569A6 /* PembelianObatPabrikanListTable.swift */ = {isa = PBXFileReference; lastKnownFileType = sourcecode.swift; path = PembelianObatPabrikanListTable.swift; sourceTree = "<group>"; };
		16F06A732B21F5C4005569A6 /* InformasiPabrikPopUp.swift */ = {isa = PBXFileReference; lastKnownFileType = sourcecode.swift; path = InformasiPabrikPopUp.swift; sourceTree = "<group>"; };
/* End PBXFileReference section */

/* Begin PBXFrameworksBuildPhase section */
		1638E25F2B0A347C00E459A0 /* Frameworks */ = {
			isa = PBXFrameworksBuildPhase;
			buildActionMask = 2147483647;
			files = (
			);
			runOnlyForDeploymentPostprocessing = 0;
		};
/* End PBXFrameworksBuildPhase section */

/* Begin PBXGroup section */
		1638E2592B0A347C00E459A0 = {
			isa = PBXGroup;
			children = (
				1638E2642B0A347C00E459A0 /* Pharmacin */,
				1638E2632B0A347C00E459A0 /* Products */,
			);
			sourceTree = "<group>";
		};
		1638E2632B0A347C00E459A0 /* Products */ = {
			isa = PBXGroup;
			children = (
				1638E2622B0A347C00E459A0 /* Pharmacin.app */,
			);
			name = Products;
			sourceTree = "<group>";
		};
		1638E2642B0A347C00E459A0 /* Pharmacin */ = {
			isa = PBXGroup;
			children = (
				16F069CC2B165F89005569A6 /* PlusJakartaSans-SemiBold.ttf */,
				16F069CA2B165F78005569A6 /* PlusJakartaSans-Bold.ttf */,
				16F069CE2B166024005569A6 /* PlusJakartaSans-Regular.ttf */,
				16F069D02B166425005569A6 /* PlusJakartaSans-Medium.ttf */,
				16F069C92B165C5B005569A6 /* Info.plist */,
				16F069B52B11DDBF005569A6 /* View */,
				16F069B22B11D920005569A6 /* ComponentView */,
				1638E2652B0A347C00E459A0 /* PharmacinApp.swift */,
				1638E2672B0A347C00E459A0 /* ContentView.swift */,
				1638E2692B0A347D00E459A0 /* Assets.xcassets */,
				1638E26B2B0A347D00E459A0 /* Preview Content */,
			);
			path = Pharmacin;
			sourceTree = "<group>";
		};
		1638E26B2B0A347D00E459A0 /* Preview Content */ = {
			isa = PBXGroup;
			children = (
				1638E26C2B0A347D00E459A0 /* Preview Assets.xcassets */,
			);
			path = "Preview Content";
			sourceTree = "<group>";
		};
		16F069B22B11D920005569A6 /* ComponentView */ = {
			isa = PBXGroup;
			children = (
				16F06A622B21EC3E005569A6 /* PabrikanComponent */,
				16F06A472B1E4DDE005569A6 /* ObatComponent */,
				16F06A0E2B1B2A47005569A6 /* PenjualanComponent */,
				16F069D22B167028005569A6 /* StokComponent */,
				16F069C42B148F7A005569A6 /* DashboardComponent */,
			);
			path = ComponentView;
			sourceTree = "<group>";
		};
		16F069B52B11DDBF005569A6 /* View */ = {
			isa = PBXGroup;
			children = (
				16F069B62B11DE31005569A6 /* DashboardView.swift */,
				16F069C52B148FF3005569A6 /* StokView.swift */,
				16F069DB2B1887F2005569A6 /* PenjualanView.swift */,
				16F06A132B1B38C6005569A6 /* StokOpnameView.swift */,
				16F06A192B1B55FD005569A6 /* StokOpnameDetailView.swift */,
				16F06A392B1E2C9E005569A6 /* StokRiwayatOpnameView.swift */,
				16F06A3F2B1E4989005569A6 /* KelolaPenjualanView.swift */,
				16F06A452B1E4CF6005569A6 /* ObatKategoriView.swift */,
				16F06A4C2B1E4FBC005569A6 /* ObatKelolaItem.swift */,
				16F06A542B1EE061005569A6 /* ObatDetailView.swift */,
				16F06A602B21EB5F005569A6 /* PabrikanKelolaPabrikView.swift */,
				16F06A692B21F0B5005569A6 /* PabrikanDetailView.swift */,
			);
			path = View;
			sourceTree = "<group>";
		};
		16F069C42B148F7A005569A6 /* DashboardComponent */ = {
			isa = PBXGroup;
			children = (
				16F069B32B11D969005569A6 /* DashboardCart.swift */,
				16F069B82B11F12D005569A6 /* PenjualanTerakhirCart.swift */,
				16F069BA2B11FF72005569A6 /* InvoiceList.swift */,
				16F069BC2B1201BE005569A6 /* RiwayatKasirCart.swift */,
				16F069BE2B12024F005569A6 /* RiwayatKasirList.swift */,
				16F069C02B1205BE005569A6 /* PembelianTerakhirCart.swift */,
				16F069C22B120636005569A6 /* InvoiceListPembelian.swift */,
			);
			path = DashboardComponent;
			sourceTree = "<group>";
		};
		16F069D22B167028005569A6 /* StokComponent */ = {
			isa = PBXGroup;
			children = (
				16F069D32B1670A6005569A6 /* StokListItem.swift */,
				16F069D52B175DFE005569A6 /* StokListTableItem.swift */,
				16F069D72B184634005569A6 /* StokListBatch.swift */,
				16F069D92B18472D005569A6 /* StokListTableBatch.swift */,
				16F06A152B1B3A03005569A6 /* StokOpnameList.swift */,
				16F06A172B1B3B09005569A6 /* StokOpnameListTable.swift */,
				16F06A1B2B1B598D005569A6 /* StokOpnameDetailList.swift */,
				16F06A1D2B1B59A8005569A6 /* StokOpnameDetailListTable.swift */,
				16F06A3B2B1E345E005569A6 /* StokRiwayatOpnameList.swift */,
				16F06A3D2B1E3623005569A6 /* StokRiwayatOpnameListTable.swift */,
			);
			path = StokComponent;
			sourceTree = "<group>";
		};
		16F06A0E2B1B2A47005569A6 /* PenjualanComponent */ = {
			isa = PBXGroup;
			children = (
				16F06A0F2B1B2A5C005569A6 /* PopupPembayaranBerhasil.swift */,
				16F06A112B1B351B005569A6 /* PopUpSeleseaiPembayaran.swift */,
				16F06A412B1E4B56005569A6 /* KelolaPenjualanList.swift */,
				16F06A432B1E4BBE005569A6 /* KelolaPenjualanListTable.swift */,
			);
			path = PenjualanComponent;
			sourceTree = "<group>";
		};
		16F06A472B1E4DDE005569A6 /* ObatComponent */ = {
			isa = PBXGroup;
			children = (
				16F06A482B1E4E0B005569A6 /* ObatKategoriList.swift */,
				16F06A4A2B1E4E1A005569A6 /* ObatKategoriListTable.swift */,
				16F06A4E2B1E5050005569A6 /* ObatKelolaItemList.swift */,
				16F06A502B1E523B005569A6 /* ObatKelolaItemListTable.swift */,
				16F06A522B1E539A005569A6 /* TambahObatPopUp.swift */,
				16F06A562B1EE3A8005569A6 /* PembelianObatList.swift */,
				16F06A582B1EE451005569A6 /* PembelianObatListTable.swift */,
				16F06A5A2B1EE53D005569A6 /* PenjualanObatList.swift */,
				16F06A5C2B1EE54B005569A6 /* PenjualanObatListTable.swift */,
				16F06A5E2B20A742005569A6 /* InformasiObatPopUp.swift */,
			);
			path = ObatComponent;
			sourceTree = "<group>";
		};
		16F06A622B21EC3E005569A6 /* PabrikanComponent */ = {
			isa = PBXGroup;
			children = (
				16F06A632B21EC56005569A6 /* KelolaPabrikList.swift */,
				16F06A652B21ECA2005569A6 /* KelolaPabrikListTable.swift */,
				16F06A672B21EF5F005569A6 /* TambahPabrikPopUp.swift */,
				16F06A6B2B21F1C4005569A6 /* JenisObatList.swift */,
				16F06A6D2B21F2B4005569A6 /* JenisObatListTable.swift */,
				16F06A6F2B21F3AC005569A6 /* PembelianObatPabrikanList.swift */,
				16F06A712B21F4C8005569A6 /* PembelianObatPabrikanListTable.swift */,
				16F06A732B21F5C4005569A6 /* InformasiPabrikPopUp.swift */,
			);
			path = PabrikanComponent;
			sourceTree = "<group>";
		};
/* End PBXGroup section */

/* Begin PBXNativeTarget section */
		1638E2612B0A347C00E459A0 /* Pharmacin */ = {
			isa = PBXNativeTarget;
			buildConfigurationList = 1638E2702B0A347D00E459A0 /* Build configuration list for PBXNativeTarget "Pharmacin" */;
			buildPhases = (
				1638E25E2B0A347C00E459A0 /* Sources */,
				1638E25F2B0A347C00E459A0 /* Frameworks */,
				1638E2602B0A347C00E459A0 /* Resources */,
			);
			buildRules = (
			);
			dependencies = (
			);
			name = Pharmacin;
			productName = Pharmacin;
			productReference = 1638E2622B0A347C00E459A0 /* Pharmacin.app */;
			productType = "com.apple.product-type.application";
		};
/* End PBXNativeTarget section */

/* Begin PBXProject section */
		1638E25A2B0A347C00E459A0 /* Project object */ = {
			isa = PBXProject;
			attributes = {
				BuildIndependentTargetsInParallel = 1;
				LastSwiftUpdateCheck = 1500;
				LastUpgradeCheck = 1500;
				TargetAttributes = {
					1638E2612B0A347C00E459A0 = {
						CreatedOnToolsVersion = 15.0;
					};
				};
			};
			buildConfigurationList = 1638E25D2B0A347C00E459A0 /* Build configuration list for PBXProject "Pharmacin" */;
			compatibilityVersion = "Xcode 14.0";
			developmentRegion = en;
			hasScannedForEncodings = 0;
			knownRegions = (
				en,
				Base,
			);
			mainGroup = 1638E2592B0A347C00E459A0;
			productRefGroup = 1638E2632B0A347C00E459A0 /* Products */;
			projectDirPath = "";
			projectRoot = "";
			targets = (
				1638E2612B0A347C00E459A0 /* Pharmacin */,
			);
		};
/* End PBXProject section */

/* Begin PBXResourcesBuildPhase section */
		1638E2602B0A347C00E459A0 /* Resources */ = {
			isa = PBXResourcesBuildPhase;
			buildActionMask = 2147483647;
			files = (
				1638E26D2B0A347D00E459A0 /* Preview Assets.xcassets in Resources */,
				16F069D12B166425005569A6 /* PlusJakartaSans-Medium.ttf in Resources */,
				16F069CB2B165F78005569A6 /* PlusJakartaSans-Bold.ttf in Resources */,
				16F069CD2B165F89005569A6 /* PlusJakartaSans-SemiBold.ttf in Resources */,
				16F069CF2B166024005569A6 /* PlusJakartaSans-Regular.ttf in Resources */,
				1638E26A2B0A347D00E459A0 /* Assets.xcassets in Resources */,
			);
			runOnlyForDeploymentPostprocessing = 0;
		};
/* End PBXResourcesBuildPhase section */

/* Begin PBXSourcesBuildPhase section */
		1638E25E2B0A347C00E459A0 /* Sources */ = {
			isa = PBXSourcesBuildPhase;
			buildActionMask = 2147483647;
			files = (
				16F06A3C2B1E345E005569A6 /* StokRiwayatOpnameList.swift in Sources */,
				16F069BF2B12024F005569A6 /* RiwayatKasirList.swift in Sources */,
				16F06A6E2B21F2B4005569A6 /* JenisObatListTable.swift in Sources */,
				16F06A4D2B1E4FBC005569A6 /* ObatKelolaItem.swift in Sources */,
				16F06A422B1E4B56005569A6 /* KelolaPenjualanList.swift in Sources */,
				16F06A1C2B1B598D005569A6 /* StokOpnameDetailList.swift in Sources */,
				16F069DA2B18472D005569A6 /* StokListTableBatch.swift in Sources */,
				16F06A102B1B2A5C005569A6 /* PopupPembayaranBerhasil.swift in Sources */,
				16F06A142B1B38C6005569A6 /* StokOpnameView.swift in Sources */,
				16F06A122B1B351B005569A6 /* PopUpSeleseaiPembayaran.swift in Sources */,
				16F069C12B1205BE005569A6 /* PembelianTerakhirCart.swift in Sources */,
				16F06A492B1E4E0B005569A6 /* ObatKategoriList.swift in Sources */,
				16F06A662B21ECA2005569A6 /* KelolaPabrikListTable.swift in Sources */,
				16F06A742B21F5C4005569A6 /* InformasiPabrikPopUp.swift in Sources */,
				16F069B42B11D969005569A6 /* DashboardCart.swift in Sources */,
				16F069BB2B11FF72005569A6 /* InvoiceList.swift in Sources */,
				16F06A4B2B1E4E1A005569A6 /* ObatKategoriListTable.swift in Sources */,
				16F06A572B1EE3A8005569A6 /* PembelianObatList.swift in Sources */,
				16F06A3A2B1E2C9E005569A6 /* StokRiwayatOpnameView.swift in Sources */,
				16F069BD2B1201BE005569A6 /* RiwayatKasirCart.swift in Sources */,
				16F06A612B21EB5F005569A6 /* PabrikanKelolaPabrikView.swift in Sources */,
				16F06A1E2B1B59A8005569A6 /* StokOpnameDetailListTable.swift in Sources */,
				16F069D82B184634005569A6 /* StokListBatch.swift in Sources */,
				16F069DC2B1887F2005569A6 /* PenjualanView.swift in Sources */,
				16F06A5F2B20A742005569A6 /* InformasiObatPopUp.swift in Sources */,
				16F069B92B11F12D005569A6 /* PenjualanTerakhirCart.swift in Sources */,
				16F069D42B1670A6005569A6 /* StokListItem.swift in Sources */,
				16F06A6A2B21F0B5005569A6 /* PabrikanDetailView.swift in Sources */,
				16F06A532B1E539A005569A6 /* TambahObatPopUp.swift in Sources */,
				16F06A512B1E523B005569A6 /* ObatKelolaItemListTable.swift in Sources */,
				1638E2682B0A347C00E459A0 /* ContentView.swift in Sources */,
				16F06A442B1E4BBE005569A6 /* KelolaPenjualanListTable.swift in Sources */,
				16F06A552B1EE061005569A6 /* ObatDetailView.swift in Sources */,
				16F06A1A2B1B55FD005569A6 /* StokOpnameDetailView.swift in Sources */,
				16F069C32B120636005569A6 /* InvoiceListPembelian.swift in Sources */,
				16F06A5D2B1EE54B005569A6 /* PenjualanObatListTable.swift in Sources */,
				16F06A6C2B21F1C4005569A6 /* JenisObatList.swift in Sources */,
				16F069B72B11DE31005569A6 /* DashboardView.swift in Sources */,
				16F06A592B1EE451005569A6 /* PembelianObatListTable.swift in Sources */,
				16F06A722B21F4C8005569A6 /* PembelianObatPabrikanListTable.swift in Sources */,
				16F06A3E2B1E3623005569A6 /* StokRiwayatOpnameListTable.swift in Sources */,
				16F06A162B1B3A03005569A6 /* StokOpnameList.swift in Sources */,
				16F06A4F2B1E5050005569A6 /* ObatKelolaItemList.swift in Sources */,
				1638E2662B0A347C00E459A0 /* PharmacinApp.swift in Sources */,
				16F06A182B1B3B09005569A6 /* StokOpnameListTable.swift in Sources */,
				16F06A5B2B1EE53D005569A6 /* PenjualanObatList.swift in Sources */,
				16F06A702B21F3AC005569A6 /* PembelianObatPabrikanList.swift in Sources */,
				16F06A642B21EC56005569A6 /* KelolaPabrikList.swift in Sources */,
				16F06A682B21EF5F005569A6 /* TambahPabrikPopUp.swift in Sources */,
				16F06A402B1E4989005569A6 /* KelolaPenjualanView.swift in Sources */,
				16F06A462B1E4CF6005569A6 /* ObatKategoriView.swift in Sources */,
				16F069D62B175DFE005569A6 /* StokListTableItem.swift in Sources */,
				16F069C62B148FF3005569A6 /* StokView.swift in Sources */,
			);
			runOnlyForDeploymentPostprocessing = 0;
		};
/* End PBXSourcesBuildPhase section */

/* Begin XCBuildConfiguration section */
		1638E26E2B0A347D00E459A0 /* Debug */ = {
			isa = XCBuildConfiguration;
			buildSettings = {
				ALWAYS_SEARCH_USER_PATHS = NO;
				ASSETCATALOG_COMPILER_GENERATE_SWIFT_ASSET_SYMBOL_EXTENSIONS = YES;
				CLANG_ANALYZER_NONNULL = YES;
				CLANG_ANALYZER_NUMBER_OBJECT_CONVERSION = YES_AGGRESSIVE;
				CLANG_CXX_LANGUAGE_STANDARD = "gnu++20";
				CLANG_ENABLE_MODULES = YES;
				CLANG_ENABLE_OBJC_ARC = YES;
				CLANG_ENABLE_OBJC_WEAK = YES;
				CLANG_WARN_BLOCK_CAPTURE_AUTORELEASING = YES;
				CLANG_WARN_BOOL_CONVERSION = YES;
				CLANG_WARN_COMMA = YES;
				CLANG_WARN_CONSTANT_CONVERSION = YES;
				CLANG_WARN_DEPRECATED_OBJC_IMPLEMENTATIONS = YES;
				CLANG_WARN_DIRECT_OBJC_ISA_USAGE = YES_ERROR;
				CLANG_WARN_DOCUMENTATION_COMMENTS = YES;
				CLANG_WARN_EMPTY_BODY = YES;
				CLANG_WARN_ENUM_CONVERSION = YES;
				CLANG_WARN_INFINITE_RECURSION = YES;
				CLANG_WARN_INT_CONVERSION = YES;
				CLANG_WARN_NON_LITERAL_NULL_CONVERSION = YES;
				CLANG_WARN_OBJC_IMPLICIT_RETAIN_SELF = YES;
				CLANG_WARN_OBJC_LITERAL_CONVERSION = YES;
				CLANG_WARN_OBJC_ROOT_CLASS = YES_ERROR;
				CLANG_WARN_QUOTED_INCLUDE_IN_FRAMEWORK_HEADER = YES;
				CLANG_WARN_RANGE_LOOP_ANALYSIS = YES;
				CLANG_WARN_STRICT_PROTOTYPES = YES;
				CLANG_WARN_SUSPICIOUS_MOVE = YES;
				CLANG_WARN_UNGUARDED_AVAILABILITY = YES_AGGRESSIVE;
				CLANG_WARN_UNREACHABLE_CODE = YES;
				CLANG_WARN__DUPLICATE_METHOD_MATCH = YES;
				COPY_PHASE_STRIP = NO;
				DEBUG_INFORMATION_FORMAT = dwarf;
				ENABLE_STRICT_OBJC_MSGSEND = YES;
				ENABLE_TESTABILITY = YES;
				ENABLE_USER_SCRIPT_SANDBOXING = YES;
				GCC_C_LANGUAGE_STANDARD = gnu17;
				GCC_DYNAMIC_NO_PIC = NO;
				GCC_NO_COMMON_BLOCKS = YES;
				GCC_OPTIMIZATION_LEVEL = 0;
				GCC_PREPROCESSOR_DEFINITIONS = (
					"DEBUG=1",
					"$(inherited)",
				);
				GCC_WARN_64_TO_32_BIT_CONVERSION = YES;
				GCC_WARN_ABOUT_RETURN_TYPE = YES_ERROR;
				GCC_WARN_UNDECLARED_SELECTOR = YES;
				GCC_WARN_UNINITIALIZED_AUTOS = YES_AGGRESSIVE;
				GCC_WARN_UNUSED_FUNCTION = YES;
				GCC_WARN_UNUSED_VARIABLE = YES;
				IPHONEOS_DEPLOYMENT_TARGET = 17.0;
				LOCALIZATION_PREFERS_STRING_CATALOGS = YES;
				MTL_ENABLE_DEBUG_INFO = INCLUDE_SOURCE;
				MTL_FAST_MATH = YES;
				ONLY_ACTIVE_ARCH = YES;
				SDKROOT = iphoneos;
				SWIFT_ACTIVE_COMPILATION_CONDITIONS = "DEBUG $(inherited)";
				SWIFT_OPTIMIZATION_LEVEL = "-Onone";
			};
			name = Debug;
		};
		1638E26F2B0A347D00E459A0 /* Release */ = {
			isa = XCBuildConfiguration;
			buildSettings = {
				ALWAYS_SEARCH_USER_PATHS = NO;
				ASSETCATALOG_COMPILER_GENERATE_SWIFT_ASSET_SYMBOL_EXTENSIONS = YES;
				CLANG_ANALYZER_NONNULL = YES;
				CLANG_ANALYZER_NUMBER_OBJECT_CONVERSION = YES_AGGRESSIVE;
				CLANG_CXX_LANGUAGE_STANDARD = "gnu++20";
				CLANG_ENABLE_MODULES = YES;
				CLANG_ENABLE_OBJC_ARC = YES;
				CLANG_ENABLE_OBJC_WEAK = YES;
				CLANG_WARN_BLOCK_CAPTURE_AUTORELEASING = YES;
				CLANG_WARN_BOOL_CONVERSION = YES;
				CLANG_WARN_COMMA = YES;
				CLANG_WARN_CONSTANT_CONVERSION = YES;
				CLANG_WARN_DEPRECATED_OBJC_IMPLEMENTATIONS = YES;
				CLANG_WARN_DIRECT_OBJC_ISA_USAGE = YES_ERROR;
				CLANG_WARN_DOCUMENTATION_COMMENTS = YES;
				CLANG_WARN_EMPTY_BODY = YES;
				CLANG_WARN_ENUM_CONVERSION = YES;
				CLANG_WARN_INFINITE_RECURSION = YES;
				CLANG_WARN_INT_CONVERSION = YES;
				CLANG_WARN_NON_LITERAL_NULL_CONVERSION = YES;
				CLANG_WARN_OBJC_IMPLICIT_RETAIN_SELF = YES;
				CLANG_WARN_OBJC_LITERAL_CONVERSION = YES;
				CLANG_WARN_OBJC_ROOT_CLASS = YES_ERROR;
				CLANG_WARN_QUOTED_INCLUDE_IN_FRAMEWORK_HEADER = YES;
				CLANG_WARN_RANGE_LOOP_ANALYSIS = YES;
				CLANG_WARN_STRICT_PROTOTYPES = YES;
				CLANG_WARN_SUSPICIOUS_MOVE = YES;
				CLANG_WARN_UNGUARDED_AVAILABILITY = YES_AGGRESSIVE;
				CLANG_WARN_UNREACHABLE_CODE = YES;
				CLANG_WARN__DUPLICATE_METHOD_MATCH = YES;
				COPY_PHASE_STRIP = NO;
				DEBUG_INFORMATION_FORMAT = "dwarf-with-dsym";
				ENABLE_NS_ASSERTIONS = NO;
				ENABLE_STRICT_OBJC_MSGSEND = YES;
				ENABLE_USER_SCRIPT_SANDBOXING = YES;
				GCC_C_LANGUAGE_STANDARD = gnu17;
				GCC_NO_COMMON_BLOCKS = YES;
				GCC_WARN_64_TO_32_BIT_CONVERSION = YES;
				GCC_WARN_ABOUT_RETURN_TYPE = YES_ERROR;
				GCC_WARN_UNDECLARED_SELECTOR = YES;
				GCC_WARN_UNINITIALIZED_AUTOS = YES_AGGRESSIVE;
				GCC_WARN_UNUSED_FUNCTION = YES;
				GCC_WARN_UNUSED_VARIABLE = YES;
				IPHONEOS_DEPLOYMENT_TARGET = 17.0;
				LOCALIZATION_PREFERS_STRING_CATALOGS = YES;
				MTL_ENABLE_DEBUG_INFO = NO;
				MTL_FAST_MATH = YES;
				SDKROOT = iphoneos;
				SWIFT_COMPILATION_MODE = wholemodule;
				VALIDATE_PRODUCT = YES;
			};
			name = Release;
		};
		1638E2712B0A347D00E459A0 /* Debug */ = {
			isa = XCBuildConfiguration;
			buildSettings = {
				ASSETCATALOG_COMPILER_APPICON_NAME = AppIcon;
				ASSETCATALOG_COMPILER_GLOBAL_ACCENT_COLOR_NAME = AccentColor;
				CODE_SIGN_STYLE = Automatic;
				CURRENT_PROJECT_VERSION = 1;
				DEVELOPMENT_ASSET_PATHS = "\"Pharmacin/Preview Content\"";
				DEVELOPMENT_TEAM = A353S377CB;
				ENABLE_PREVIEWS = YES;
				GENERATE_INFOPLIST_FILE = YES;
				INFOPLIST_FILE = Pharmacin/Info.plist;
				INFOPLIST_KEY_UIApplicationSceneManifest_Generation = YES;
				INFOPLIST_KEY_UIApplicationSupportsIndirectInputEvents = YES;
				INFOPLIST_KEY_UILaunchScreen_Generation = YES;
				INFOPLIST_KEY_UISupportedInterfaceOrientations_iPad = "UIInterfaceOrientationPortrait UIInterfaceOrientationPortraitUpsideDown UIInterfaceOrientationLandscapeLeft UIInterfaceOrientationLandscapeRight";
				INFOPLIST_KEY_UISupportedInterfaceOrientations_iPhone = "UIInterfaceOrientationPortrait UIInterfaceOrientationLandscapeLeft UIInterfaceOrientationLandscapeRight";
				LD_RUNPATH_SEARCH_PATHS = (
					"$(inherited)",
					"@executable_path/Frameworks",
				);
				MARKETING_VERSION = 1.0;
				PRODUCT_BUNDLE_IDENTIFIER = devin.Pharmacin;
				PRODUCT_NAME = "$(TARGET_NAME)";
				SWIFT_EMIT_LOC_STRINGS = YES;
				SWIFT_VERSION = 5.0;
				TARGETED_DEVICE_FAMILY = "1,2";
			};
			name = Debug;
		};
		1638E2722B0A347D00E459A0 /* Release */ = {
			isa = XCBuildConfiguration;
			buildSettings = {
				ASSETCATALOG_COMPILER_APPICON_NAME = AppIcon;
				ASSETCATALOG_COMPILER_GLOBAL_ACCENT_COLOR_NAME = AccentColor;
				CODE_SIGN_STYLE = Automatic;
				CURRENT_PROJECT_VERSION = 1;
				DEVELOPMENT_ASSET_PATHS = "\"Pharmacin/Preview Content\"";
				DEVELOPMENT_TEAM = A353S377CB;
				ENABLE_PREVIEWS = YES;
				GENERATE_INFOPLIST_FILE = YES;
				INFOPLIST_FILE = Pharmacin/Info.plist;
				INFOPLIST_KEY_UIApplicationSceneManifest_Generation = YES;
				INFOPLIST_KEY_UIApplicationSupportsIndirectInputEvents = YES;
				INFOPLIST_KEY_UILaunchScreen_Generation = YES;
				INFOPLIST_KEY_UISupportedInterfaceOrientations_iPad = "UIInterfaceOrientationPortrait UIInterfaceOrientationPortraitUpsideDown UIInterfaceOrientationLandscapeLeft UIInterfaceOrientationLandscapeRight";
				INFOPLIST_KEY_UISupportedInterfaceOrientations_iPhone = "UIInterfaceOrientationPortrait UIInterfaceOrientationLandscapeLeft UIInterfaceOrientationLandscapeRight";
				LD_RUNPATH_SEARCH_PATHS = (
					"$(inherited)",
					"@executable_path/Frameworks",
				);
				MARKETING_VERSION = 1.0;
				PRODUCT_BUNDLE_IDENTIFIER = devin.Pharmacin;
				PRODUCT_NAME = "$(TARGET_NAME)";
				SWIFT_EMIT_LOC_STRINGS = YES;
				SWIFT_VERSION = 5.0;
				TARGETED_DEVICE_FAMILY = "1,2";
			};
			name = Release;
		};
/* End XCBuildConfiguration section */

/* Begin XCConfigurationList section */
		1638E25D2B0A347C00E459A0 /* Build configuration list for PBXProject "Pharmacin" */ = {
			isa = XCConfigurationList;
			buildConfigurations = (
				1638E26E2B0A347D00E459A0 /* Debug */,
				1638E26F2B0A347D00E459A0 /* Release */,
			);
			defaultConfigurationIsVisible = 0;
			defaultConfigurationName = Release;
		};
		1638E2702B0A347D00E459A0 /* Build configuration list for PBXNativeTarget "Pharmacin" */ = {
			isa = XCConfigurationList;
			buildConfigurations = (
				1638E2712B0A347D00E459A0 /* Debug */,
				1638E2722B0A347D00E459A0 /* Release */,
			);
			defaultConfigurationIsVisible = 0;
			defaultConfigurationName = Release;
		};
/* End XCConfigurationList section */
	};
	rootObject = 1638E25A2B0A347C00E459A0 /* Project object */;
}
